
Microsoft Visual Studio Solution File, Format Version 12.00
# Visual Studio Version 17
VisualStudioVersion = 17.11.35222.181
MinimumVisualStudioVersion = 10.0.40219.1
Project("{FAE04EC0-301F-11D3-BF4B-00C04F79EFBC}") = "PropertySystemAPI", "PropertySystemAPI.csproj", "{0A0B5D9E-2EEC-44A3-A20C-DAAE7C86EBDE}"
EndProject
Global
	GlobalSection(SolutionConfigurationPlatforms) = preSolution
		Debug|Any CPU = Debug|Any CPU
		Release|Any CPU = Release|Any CPU
	EndGlobalSection
	GlobalSection(ProjectConfigurationPlatforms) = postSolution
		{0A0B5D9E-2EEC-44A3-A20C-DAAE7C86EBDE}.Debug|Any CPU.ActiveCfg = Debug|Any CPU
		{0A0B5D9E-2EEC-44A3-A20C-DAAE7C86EBDE}.Debug|Any CPU.Build.0 = Debug|Any CPU
		{0A0B5D9E-2EEC-44A3-A20C-DAAE7C86EBDE}.Release|Any CPU.ActiveCfg = Release|Any CPU
		{0A0B5D9E-2EEC-44A3-A20C-DAAE7C86EBDE}.Release|Any CPU.Build.0 = Release|Any CPU
	EndGlobalSection
	GlobalSection(SolutionProperties) = preSolution
		HideSolutionNode = FALSE
	EndGlobalSection
	GlobalSection(ExtensibilityGlobals) = postSolution
		SolutionGuid = {123DD0D4-0482-406B-A4DD-EFF4D12A53EE}
	EndGlobalSection
EndGlobal
